
Microsoft Visual Studio Solution File, Format Version 12.00
# Visual Studio 15
VisualStudioVersion = 15.0.27703.2042
MinimumVisualStudioVersion = 10.0.40219.1
Project("{FAE04EC0-301F-11D3-BF4B-00C04F79EFBC}") = "hajjCoins", "hajjCoins\hajjCoins.csproj", "{8BEAA88B-0288-413E-97E8-C1E799D5E675}"
EndProject
Global
	GlobalSection(SolutionConfigurationPlatforms) = preSolution
		Debug|Any CPU = Debug|Any CPU
		Release|Any CPU = Release|Any CPU
	EndGlobalSection
	GlobalSection(ProjectConfigurationPlatforms) = postSolution
		{8BEAA88B-0288-413E-97E8-C1E799D5E675}.Debug|Any CPU.ActiveCfg = Debug|Any CPU
		{8BEAA88B-0288-413E-97E8-C1E799D5E675}.Debug|Any CPU.Build.0 = Debug|Any CPU
		{8BEAA88B-0288-413E-97E8-C1E799D5E675}.Release|Any CPU.ActiveCfg = Release|Any CPU
		{8BEAA88B-0288-413E-97E8-C1E799D5E675}.Release|Any CPU.Build.0 = Release|Any CPU
	EndGlobalSection
	GlobalSection(SolutionProperties) = preSolution
		HideSolutionNode = FALSE
	EndGlobalSection
	GlobalSection(ExtensibilityGlobals) = postSolution
		SolutionGuid = {C86EE832-1F36-4BCA-9113-BA5F64044825}
	EndGlobalSection
EndGlobal
